// !$*UTF8*$!
{
	archiveVersion = 1;
	classes = {
	};
	objectVersion = 56;
	objects = {

/* Begin PBXBuildFile section */
		D9184B6929B5E66E000C3BC3 /* AccountSummaryCell.swift in Sources */ = {isa = PBXBuildFile; fileRef = D9184B6829B5E66E000C3BC3 /* AccountSummaryCell.swift */; };
		D9184B6D29B6712D000C3BC3 /* DecimalUtils.swift in Sources */ = {isa = PBXBuildFile; fileRef = D9184B6C29B6712D000C3BC3 /* DecimalUtils.swift */; };
		D9184B6F29B67271000C3BC3 /* CurrencyFormatter.swift in Sources */ = {isa = PBXBuildFile; fileRef = D9184B6E29B67271000C3BC3 /* CurrencyFormatter.swift */; };
		D9184B7E29B758AC000C3BC3 /* CurrencyFormatterTests.swift in Sources */ = {isa = PBXBuildFile; fileRef = D9184B7D29B758AC000C3BC3 /* CurrencyFormatterTests.swift */; };
		D9184B8029B78775000C3BC3 /* NSNotificationName.swift in Sources */ = {isa = PBXBuildFile; fileRef = D9184B7F29B78775000C3BC3 /* NSNotificationName.swift */; };
		D9184B8429B89DD6000C3BC3 /* UITextField+SecureToggle.swift in Sources */ = {isa = PBXBuildFile; fileRef = D9184B8329B89DD6000C3BC3 /* UITextField+SecureToggle.swift */; };
		D9C2FDA629AB7BCE0086A002 /* AppDelegate.swift in Sources */ = {isa = PBXBuildFile; fileRef = D9C2FDA529AB7BCE0086A002 /* AppDelegate.swift */; };
		D9C2FDAA29AB7BCE0086A002 /* LoginViewController.swift in Sources */ = {isa = PBXBuildFile; fileRef = D9C2FDA929AB7BCE0086A002 /* LoginViewController.swift */; };
		D9C2FDAF29AB7BCE0086A002 /* Assets.xcassets in Resources */ = {isa = PBXBuildFile; fileRef = D9C2FDAE29AB7BCE0086A002 /* Assets.xcassets */; };
		D9C2FDB229AB7BCE0086A002 /* LaunchScreen.storyboard in Resources */ = {isa = PBXBuildFile; fileRef = D9C2FDB029AB7BCE0086A002 /* LaunchScreen.storyboard */; };
		D9C2FDBC29AB7FED0086A002 /* LoginView.swift in Sources */ = {isa = PBXBuildFile; fileRef = D9C2FDBB29AB7FED0086A002 /* LoginView.swift */; };
		D9C2FDBF29AF6C5D0086A002 /* OnboardingContainerViewController.swift in Sources */ = {isa = PBXBuildFile; fileRef = D9C2FDBE29AF6C5D0086A002 /* OnboardingContainerViewController.swift */; };
		D9C2FDC129AF9AC60086A002 /* OnboardingViewController.swift in Sources */ = {isa = PBXBuildFile; fileRef = D9C2FDC029AF9AC60086A002 /* OnboardingViewController.swift */; };
		D9C2FDC329B0EC1B0086A002 /* DummyViewController.swift in Sources */ = {isa = PBXBuildFile; fileRef = D9C2FDC229B0EC1B0086A002 /* DummyViewController.swift */; };
		D9C2FDC629B104FD0086A002 /* LocalState.swift in Sources */ = {isa = PBXBuildFile; fileRef = D9C2FDC529B104FD0086A002 /* LocalState.swift */; };
		D9C2FDC829B219BA0086A002 /* MainViewController.swift in Sources */ = {isa = PBXBuildFile; fileRef = D9C2FDC729B219BA0086A002 /* MainViewController.swift */; };
		D9C2FDCA29B21B480086A002 /* UIViewController+Utils.swift in Sources */ = {isa = PBXBuildFile; fileRef = D9C2FDC929B21B480086A002 /* UIViewController+Utils.swift */; };
		D9C2FDCD29B2359D0086A002 /* AccountSummaryViewController.swift in Sources */ = {isa = PBXBuildFile; fileRef = D9C2FDCC29B2359D0086A002 /* AccountSummaryViewController.swift */; };
		D9C2FDCF29B23FA10086A002 /* AccountSummaryHeaderView.swift in Sources */ = {isa = PBXBuildFile; fileRef = D9C2FDCE29B23FA10086A002 /* AccountSummaryHeaderView.swift */; };
		D9C2FDD129B23FDD0086A002 /* AccountSummaryHeaderView.xib in Resources */ = {isa = PBXBuildFile; fileRef = D9C2FDD029B23FDD0086A002 /* AccountSummaryHeaderView.xib */; };
/* End PBXBuildFile section */

/* Begin PBXContainerItemProxy section */
		D9184B7829B7586B000C3BC3 /* PBXContainerItemProxy */ = {
			isa = PBXContainerItemProxy;
			containerPortal = D9C2FD9A29AB7BCE0086A002 /* Project object */;
			proxyType = 1;
			remoteGlobalIDString = D9C2FDA129AB7BCE0086A002;
			remoteInfo = Bankey;
		};
/* End PBXContainerItemProxy section */

/* Begin PBXFileReference section */
		D9184B6829B5E66E000C3BC3 /* AccountSummaryCell.swift */ = {isa = PBXFileReference; lastKnownFileType = sourcecode.swift; path = AccountSummaryCell.swift; sourceTree = "<group>"; };
		D9184B6C29B6712D000C3BC3 /* DecimalUtils.swift */ = {isa = PBXFileReference; lastKnownFileType = sourcecode.swift; path = DecimalUtils.swift; sourceTree = "<group>"; };
		D9184B6E29B67271000C3BC3 /* CurrencyFormatter.swift */ = {isa = PBXFileReference; lastKnownFileType = sourcecode.swift; path = CurrencyFormatter.swift; sourceTree = "<group>"; };
		D9184B7429B7586B000C3BC3 /* BankeyUnitTests.xctest */ = {isa = PBXFileReference; explicitFileType = wrapper.cfbundle; includeInIndex = 0; path = BankeyUnitTests.xctest; sourceTree = BUILT_PRODUCTS_DIR; };
		D9184B7D29B758AC000C3BC3 /* CurrencyFormatterTests.swift */ = {isa = PBXFileReference; lastKnownFileType = sourcecode.swift; path = CurrencyFormatterTests.swift; sourceTree = "<group>"; };
		D9184B7F29B78775000C3BC3 /* NSNotificationName.swift */ = {isa = PBXFileReference; lastKnownFileType = sourcecode.swift; path = NSNotificationName.swift; sourceTree = "<group>"; };
		D9184B8329B89DD6000C3BC3 /* UITextField+SecureToggle.swift */ = {isa = PBXFileReference; lastKnownFileType = sourcecode.swift; path = "UITextField+SecureToggle.swift"; sourceTree = "<group>"; };
		D9C2FDA229AB7BCE0086A002 /* Bankey.app */ = {isa = PBXFileReference; explicitFileType = wrapper.application; includeInIndex = 0; path = Bankey.app; sourceTree = BUILT_PRODUCTS_DIR; };
		D9C2FDA529AB7BCE0086A002 /* AppDelegate.swift */ = {isa = PBXFileReference; lastKnownFileType = sourcecode.swift; path = AppDelegate.swift; sourceTree = "<group>"; };
		D9C2FDA929AB7BCE0086A002 /* LoginViewController.swift */ = {isa = PBXFileReference; lastKnownFileType = sourcecode.swift; path = LoginViewController.swift; sourceTree = "<group>"; };
		D9C2FDAE29AB7BCE0086A002 /* Assets.xcassets */ = {isa = PBXFileReference; lastKnownFileType = folder.assetcatalog; path = Assets.xcassets; sourceTree = "<group>"; };
		D9C2FDB129AB7BCE0086A002 /* Base */ = {isa = PBXFileReference; lastKnownFileType = file.storyboard; name = Base; path = Base.lproj/LaunchScreen.storyboard; sourceTree = "<group>"; };
		D9C2FDB329AB7BCE0086A002 /* Info.plist */ = {isa = PBXFileReference; lastKnownFileType = text.plist.xml; path = Info.plist; sourceTree = "<group>"; };
		D9C2FDBB29AB7FED0086A002 /* LoginView.swift */ = {isa = PBXFileReference; lastKnownFileType = sourcecode.swift; path = LoginView.swift; sourceTree = "<group>"; };
		D9C2FDBE29AF6C5D0086A002 /* OnboardingContainerViewController.swift */ = {isa = PBXFileReference; lastKnownFileType = sourcecode.swift; path = OnboardingContainerViewController.swift; sourceTree = "<group>"; };
		D9C2FDC029AF9AC60086A002 /* OnboardingViewController.swift */ = {isa = PBXFileReference; lastKnownFileType = sourcecode.swift; path = OnboardingViewController.swift; sourceTree = "<group>"; };
		D9C2FDC229B0EC1B0086A002 /* DummyViewController.swift */ = {isa = PBXFileReference; lastKnownFileType = sourcecode.swift; path = DummyViewController.swift; sourceTree = "<group>"; };
		D9C2FDC529B104FD0086A002 /* LocalState.swift */ = {isa = PBXFileReference; lastKnownFileType = sourcecode.swift; path = LocalState.swift; sourceTree = "<group>"; };
		D9C2FDC729B219BA0086A002 /* MainViewController.swift */ = {isa = PBXFileReference; lastKnownFileType = sourcecode.swift; path = MainViewController.swift; sourceTree = "<group>"; };
		D9C2FDC929B21B480086A002 /* UIViewController+Utils.swift */ = {isa = PBXFileReference; lastKnownFileType = sourcecode.swift; path = "UIViewController+Utils.swift"; sourceTree = "<group>"; };
		D9C2FDCC29B2359D0086A002 /* AccountSummaryViewController.swift */ = {isa = PBXFileReference; lastKnownFileType = sourcecode.swift; path = AccountSummaryViewController.swift; sourceTree = "<group>"; };
		D9C2FDCE29B23FA10086A002 /* AccountSummaryHeaderView.swift */ = {isa = PBXFileReference; lastKnownFileType = sourcecode.swift; path = AccountSummaryHeaderView.swift; sourceTree = "<group>"; };
		D9C2FDD029B23FDD0086A002 /* AccountSummaryHeaderView.xib */ = {isa = PBXFileReference; lastKnownFileType = file.xib; path = AccountSummaryHeaderView.xib; sourceTree = "<group>"; };
/* End PBXFileReference section */

/* Begin PBXFrameworksBuildPhase section */
		D9184B7129B7586B000C3BC3 /* Frameworks */ = {
			isa = PBXFrameworksBuildPhase;
			buildActionMask = 2147483647;
			files = (
			);
			runOnlyForDeploymentPostprocessing = 0;
		};
		D9C2FD9F29AB7BCE0086A002 /* Frameworks */ = {
			isa = PBXFrameworksBuildPhase;
			buildActionMask = 2147483647;
			files = (
			);
			runOnlyForDeploymentPostprocessing = 0;
		};
/* End PBXFrameworksBuildPhase section */

/* Begin PBXGroup section */
		D9184B6629B5E37E000C3BC3 /* Header */ = {
			isa = PBXGroup;
			children = (
				D9C2FDCE29B23FA10086A002 /* AccountSummaryHeaderView.swift */,
				D9C2FDD029B23FDD0086A002 /* AccountSummaryHeaderView.xib */,
			);
			path = Header;
			sourceTree = "<group>";
		};
		D9184B6729B5E620000C3BC3 /* Cells */ = {
			isa = PBXGroup;
			children = (
				D9184B6829B5E66E000C3BC3 /* AccountSummaryCell.swift */,
			);
			path = Cells;
			sourceTree = "<group>";
		};
		D9184B7529B7586B000C3BC3 /* BankeyUnitTests */ = {
			isa = PBXGroup;
			children = (
				D9184B7D29B758AC000C3BC3 /* CurrencyFormatterTests.swift */,
			);
			path = BankeyUnitTests;
			sourceTree = "<group>";
		};
		D9C2FD9929AB7BCE0086A002 = {
			isa = PBXGroup;
			children = (
				D9C2FDA429AB7BCE0086A002 /* Bankey */,
				D9184B7529B7586B000C3BC3 /* BankeyUnitTests */,
				D9C2FDA329AB7BCE0086A002 /* Products */,
			);
			sourceTree = "<group>";
		};
		D9C2FDA329AB7BCE0086A002 /* Products */ = {
			isa = PBXGroup;
			children = (
				D9C2FDA229AB7BCE0086A002 /* Bankey.app */,
				D9184B7429B7586B000C3BC3 /* BankeyUnitTests.xctest */,
			);
			name = Products;
			sourceTree = "<group>";
		};
		D9C2FDA429AB7BCE0086A002 /* Bankey */ = {
			isa = PBXGroup;
			children = (
				D9C2FDA529AB7BCE0086A002 /* AppDelegate.swift */,
				D9C2FDC729B219BA0086A002 /* MainViewController.swift */,
				D9C2FDBA29AB7F800086A002 /* Login */,
				D9C2FDBD29AF6C0F0086A002 /* Onboarding */,
				D9C2FDCB29B235590086A002 /* AccountSummary */,
				D9C2FDC429B104140086A002 /* Utils */,
				D9C2FDB929AB7E000086A002 /* Files */,
			);
			path = Bankey;
			sourceTree = "<group>";
		};
		D9C2FDB929AB7E000086A002 /* Files */ = {
			isa = PBXGroup;
			children = (
				D9C2FDAE29AB7BCE0086A002 /* Assets.xcassets */,
				D9C2FDB029AB7BCE0086A002 /* LaunchScreen.storyboard */,
				D9C2FDB329AB7BCE0086A002 /* Info.plist */,
			);
			name = Files;
			sourceTree = "<group>";
		};
		D9C2FDBA29AB7F800086A002 /* Login */ = {
			isa = PBXGroup;
			children = (
				D9C2FDA929AB7BCE0086A002 /* LoginViewController.swift */,
				D9C2FDBB29AB7FED0086A002 /* LoginView.swift */,
				D9C2FDC229B0EC1B0086A002 /* DummyViewController.swift */,
			);
			path = Login;
			sourceTree = "<group>";
		};
		D9C2FDBD29AF6C0F0086A002 /* Onboarding */ = {
			isa = PBXGroup;
			children = (
				D9C2FDBE29AF6C5D0086A002 /* OnboardingContainerViewController.swift */,
				D9C2FDC029AF9AC60086A002 /* OnboardingViewController.swift */,
			);
			path = Onboarding;
			sourceTree = "<group>";
		};
		D9C2FDC429B104140086A002 /* Utils */ = {
			isa = PBXGroup;
			children = (
				D9C2FDC529B104FD0086A002 /* LocalState.swift */,
				D9C2FDC929B21B480086A002 /* UIViewController+Utils.swift */,
				D9184B6C29B6712D000C3BC3 /* DecimalUtils.swift */,
				D9184B6E29B67271000C3BC3 /* CurrencyFormatter.swift */,
				D9184B7F29B78775000C3BC3 /* NSNotificationName.swift */,
				D9184B8329B89DD6000C3BC3 /* UITextField+SecureToggle.swift */,
			);
			path = Utils;
			sourceTree = "<group>";
		};
		D9C2FDCB29B235590086A002 /* AccountSummary */ = {
			isa = PBXGroup;
			children = (
				D9C2FDCC29B2359D0086A002 /* AccountSummaryViewController.swift */,
				D9184B6629B5E37E000C3BC3 /* Header */,
				D9184B6729B5E620000C3BC3 /* Cells */,
			);
			path = AccountSummary;
			sourceTree = "<group>";
		};
/* End PBXGroup section */

/* Begin PBXNativeTarget section */
		D9184B7329B7586B000C3BC3 /* BankeyUnitTests */ = {
			isa = PBXNativeTarget;
			buildConfigurationList = D9184B7A29B7586B000C3BC3 /* Build configuration list for PBXNativeTarget "BankeyUnitTests" */;
			buildPhases = (
				D9184B7029B7586B000C3BC3 /* Sources */,
				D9184B7129B7586B000C3BC3 /* Frameworks */,
				D9184B7229B7586B000C3BC3 /* Resources */,
			);
			buildRules = (
			);
			dependencies = (
				D9184B7929B7586B000C3BC3 /* PBXTargetDependency */,
			);
			name = BankeyUnitTests;
			productName = BankeyUnitTests;
			productReference = D9184B7429B7586B000C3BC3 /* BankeyUnitTests.xctest */;
			productType = "com.apple.product-type.bundle.unit-test";
		};
		D9C2FDA129AB7BCE0086A002 /* Bankey */ = {
			isa = PBXNativeTarget;
			buildConfigurationList = D9C2FDB629AB7BCE0086A002 /* Build configuration list for PBXNativeTarget "Bankey" */;
			buildPhases = (
				D9C2FD9E29AB7BCE0086A002 /* Sources */,
				D9C2FD9F29AB7BCE0086A002 /* Frameworks */,
				D9C2FDA029AB7BCE0086A002 /* Resources */,
			);
			buildRules = (
			);
			dependencies = (
			);
			name = Bankey;
			productName = Bankey;
			productReference = D9C2FDA229AB7BCE0086A002 /* Bankey.app */;
			productType = "com.apple.product-type.application";
		};
/* End PBXNativeTarget section */

/* Begin PBXProject section */
		D9C2FD9A29AB7BCE0086A002 /* Project object */ = {
			isa = PBXProject;
			attributes = {
				BuildIndependentTargetsInParallel = 1;
				LastSwiftUpdateCheck = 1420;
				LastUpgradeCheck = 1420;
				TargetAttributes = {
					D9184B7329B7586B000C3BC3 = {
						CreatedOnToolsVersion = 14.2;
						LastSwiftMigration = 1420;
						TestTargetID = D9C2FDA129AB7BCE0086A002;
					};
					D9C2FDA129AB7BCE0086A002 = {
						CreatedOnToolsVersion = 14.2;
					};
				};
			};
			buildConfigurationList = D9C2FD9D29AB7BCE0086A002 /* Build configuration list for PBXProject "Bankey" */;
			compatibilityVersion = "Xcode 14.0";
			developmentRegion = en;
			hasScannedForEncodings = 0;
			knownRegions = (
				en,
				Base,
			);
			mainGroup = D9C2FD9929AB7BCE0086A002;
			productRefGroup = D9C2FDA329AB7BCE0086A002 /* Products */;
			projectDirPath = "";
			projectRoot = "";
			targets = (
				D9C2FDA129AB7BCE0086A002 /* Bankey */,
				D9184B7329B7586B000C3BC3 /* BankeyUnitTests */,
			);
		};
/* End PBXProject section */

/* Begin PBXResourcesBuildPhase section */
		D9184B7229B7586B000C3BC3 /* Resources */ = {
			isa = PBXResourcesBuildPhase;
			buildActionMask = 2147483647;
			files = (
			);
			runOnlyForDeploymentPostprocessing = 0;
		};
		D9C2FDA029AB7BCE0086A002 /* Resources */ = {
			isa = PBXResourcesBuildPhase;
			buildActionMask = 2147483647;
			files = (
				D9C2FDD129B23FDD0086A002 /* AccountSummaryHeaderView.xib in Resources */,
				D9C2FDB229AB7BCE0086A002 /* LaunchScreen.storyboard in Resources */,
				D9C2FDAF29AB7BCE0086A002 /* Assets.xcassets in Resources */,
			);
			runOnlyForDeploymentPostprocessing = 0;
		};
/* End PBXResourcesBuildPhase section */

/* Begin PBXSourcesBuildPhase section */
		D9184B7029B7586B000C3BC3 /* Sources */ = {
			isa = PBXSourcesBuildPhase;
			buildActionMask = 2147483647;
			files = (
				D9184B7E29B758AC000C3BC3 /* CurrencyFormatterTests.swift in Sources */,
			);
			runOnlyForDeploymentPostprocessing = 0;
		};
		D9C2FD9E29AB7BCE0086A002 /* Sources */ = {
			isa = PBXSourcesBuildPhase;
			buildActionMask = 2147483647;
			files = (
				D9C2FDBC29AB7FED0086A002 /* LoginView.swift in Sources */,
				D9C2FDC629B104FD0086A002 /* LocalState.swift in Sources */,
				D9C2FDCA29B21B480086A002 /* UIViewController+Utils.swift in Sources */,
				D9C2FDCF29B23FA10086A002 /* AccountSummaryHeaderView.swift in Sources */,
				D9184B8429B89DD6000C3BC3 /* UITextField+SecureToggle.swift in Sources */,
				D9C2FDC329B0EC1B0086A002 /* DummyViewController.swift in Sources */,
				D9184B6F29B67271000C3BC3 /* CurrencyFormatter.swift in Sources */,
				D9184B6D29B6712D000C3BC3 /* DecimalUtils.swift in Sources */,
				D9184B8029B78775000C3BC3 /* NSNotificationName.swift in Sources */,
				D9C2FDAA29AB7BCE0086A002 /* LoginViewController.swift in Sources */,
				D9184B6929B5E66E000C3BC3 /* AccountSummaryCell.swift in Sources */,
				D9C2FDC129AF9AC60086A002 /* OnboardingViewController.swift in Sources */,
				D9C2FDA629AB7BCE0086A002 /* AppDelegate.swift in Sources */,
				D9C2FDCD29B2359D0086A002 /* AccountSummaryViewController.swift in Sources */,
				D9C2FDBF29AF6C5D0086A002 /* OnboardingContainerViewController.swift in Sources */,
				D9C2FDC829B219BA0086A002 /* MainViewController.swift in Sources */,
			);
			runOnlyForDeploymentPostprocessing = 0;
		};
/* End PBXSourcesBuildPhase section */

/* Begin PBXTargetDependency section */
		D9184B7929B7586B000C3BC3 /* PBXTargetDependency */ = {
			isa = PBXTargetDependency;
			target = D9C2FDA129AB7BCE0086A002 /* Bankey */;
			targetProxy = D9184B7829B7586B000C3BC3 /* PBXContainerItemProxy */;
		};
/* End PBXTargetDependency section */

/* Begin PBXVariantGroup section */
		D9C2FDB029AB7BCE0086A002 /* LaunchScreen.storyboard */ = {
			isa = PBXVariantGroup;
			children = (
				D9C2FDB129AB7BCE0086A002 /* Base */,
			);
			name = LaunchScreen.storyboard;
			sourceTree = "<group>";
		};
/* End PBXVariantGroup section */

/* Begin XCBuildConfiguration section */
		D9184B7B29B7586B000C3BC3 /* Debug */ = {
			isa = XCBuildConfiguration;
			buildSettings = {
				BUNDLE_LOADER = "$(TEST_HOST)";
				CLANG_ENABLE_MODULES = YES;
				CODE_SIGN_STYLE = Automatic;
				CURRENT_PROJECT_VERSION = 1;
				GENERATE_INFOPLIST_FILE = YES;
				LD_RUNPATH_SEARCH_PATHS = (
					"$(inherited)",
					"@executable_path/Frameworks",
					"@loader_path/Frameworks",
				);
				MARKETING_VERSION = 1.0;
				PRODUCT_BUNDLE_IDENTIFIER = com.app.BankeyUnitTests;
				PRODUCT_NAME = "$(TARGET_NAME)";
				SWIFT_EMIT_LOC_STRINGS = NO;
				SWIFT_OPTIMIZATION_LEVEL = "-Onone";
				SWIFT_VERSION = 5.0;
				TARGETED_DEVICE_FAMILY = "1,2";
				TEST_HOST = "$(BUILT_PRODUCTS_DIR)/Bankey.app/$(BUNDLE_EXECUTABLE_FOLDER_PATH)/Bankey";
			};
			name = Debug;
		};
		D9184B7C29B7586B000C3BC3 /* Release */ = {
			isa = XCBuildConfiguration;
			buildSettings = {
				BUNDLE_LOADER = "$(TEST_HOST)";
				CLANG_ENABLE_MODULES = YES;
				CODE_SIGN_STYLE = Automatic;
				CURRENT_PROJECT_VERSION = 1;
				GENERATE_INFOPLIST_FILE = YES;
				LD_RUNPATH_SEARCH_PATHS = (
					"$(inherited)",
					"@executable_path/Frameworks",
					"@loader_path/Frameworks",
				);
				MARKETING_VERSION = 1.0;
				PRODUCT_BUNDLE_IDENTIFIER = com.app.BankeyUnitTests;
				PRODUCT_NAME = "$(TARGET_NAME)";
				SWIFT_EMIT_LOC_STRINGS = NO;
				SWIFT_VERSION = 5.0;
				TARGETED_DEVICE_FAMILY = "1,2";
				TEST_HOST = "$(BUILT_PRODUCTS_DIR)/Bankey.app/$(BUNDLE_EXECUTABLE_FOLDER_PATH)/Bankey";
			};
			name = Release;
		};
		D9C2FDB429AB7BCE0086A002 /* Debug */ = {
			isa = XCBuildConfiguration;
			buildSettings = {
				ALWAYS_SEARCH_USER_PATHS = NO;
				CLANG_ANALYZER_NONNULL = YES;
				CLANG_ANALYZER_NUMBER_OBJECT_CONVERSION = YES_AGGRESSIVE;
				CLANG_CXX_LANGUAGE_STANDARD = "gnu++20";
				CLANG_ENABLE_MODULES = YES;
				CLANG_ENABLE_OBJC_ARC = YES;
				CLANG_ENABLE_OBJC_WEAK = YES;
				CLANG_WARN_BLOCK_CAPTURE_AUTORELEASING = YES;
				CLANG_WARN_BOOL_CONVERSION = YES;
				CLANG_WARN_COMMA = YES;
				CLANG_WARN_CONSTANT_CONVERSION = YES;
				CLANG_WARN_DEPRECATED_OBJC_IMPLEMENTATIONS = YES;
				CLANG_WARN_DIRECT_OBJC_ISA_USAGE = YES_ERROR;
				CLANG_WARN_DOCUMENTATION_COMMENTS = YES;
				CLANG_WARN_EMPTY_BODY = YES;
				CLANG_WARN_ENUM_CONVERSION = YES;
				CLANG_WARN_INFINITE_RECURSION = YES;
				CLANG_WARN_INT_CONVERSION = YES;
				CLANG_WARN_NON_LITERAL_NULL_CONVERSION = YES;
				CLANG_WARN_OBJC_IMPLICIT_RETAIN_SELF = YES;
				CLANG_WARN_OBJC_LITERAL_CONVERSION = YES;
				CLANG_WARN_OBJC_ROOT_CLASS = YES_ERROR;
				CLANG_WARN_QUOTED_INCLUDE_IN_FRAMEWORK_HEADER = YES;
				CLANG_WARN_RANGE_LOOP_ANALYSIS = YES;
				CLANG_WARN_STRICT_PROTOTYPES = YES;
				CLANG_WARN_SUSPICIOUS_MOVE = YES;
				CLANG_WARN_UNGUARDED_AVAILABILITY = YES_AGGRESSIVE;
				CLANG_WARN_UNREACHABLE_CODE = YES;
				CLANG_WARN__DUPLICATE_METHOD_MATCH = YES;
				COPY_PHASE_STRIP = NO;
				DEBUG_INFORMATION_FORMAT = dwarf;
				ENABLE_STRICT_OBJC_MSGSEND = YES;
				ENABLE_TESTABILITY = YES;
				GCC_C_LANGUAGE_STANDARD = gnu11;
				GCC_DYNAMIC_NO_PIC = NO;
				GCC_NO_COMMON_BLOCKS = YES;
				GCC_OPTIMIZATION_LEVEL = 0;
				GCC_PREPROCESSOR_DEFINITIONS = (
					"DEBUG=1",
					"$(inherited)",
				);
				GCC_WARN_64_TO_32_BIT_CONVERSION = YES;
				GCC_WARN_ABOUT_RETURN_TYPE = YES_ERROR;
				GCC_WARN_UNDECLARED_SELECTOR = YES;
				GCC_WARN_UNINITIALIZED_AUTOS = YES_AGGRESSIVE;
				GCC_WARN_UNUSED_FUNCTION = YES;
				GCC_WARN_UNUSED_VARIABLE = YES;
				IPHONEOS_DEPLOYMENT_TARGET = 16.2;
				MTL_ENABLE_DEBUG_INFO = INCLUDE_SOURCE;
				MTL_FAST_MATH = YES;
				ONLY_ACTIVE_ARCH = YES;
				SDKROOT = iphoneos;
				SWIFT_ACTIVE_COMPILATION_CONDITIONS = DEBUG;
				SWIFT_OPTIMIZATION_LEVEL = "-Onone";
			};
			name = Debug;
		};
		D9C2FDB529AB7BCE0086A002 /* Release */ = {
			isa = XCBuildConfiguration;
			buildSettings = {
				ALWAYS_SEARCH_USER_PATHS = NO;
				CLANG_ANALYZER_NONNULL = YES;
				CLANG_ANALYZER_NUMBER_OBJECT_CONVERSION = YES_AGGRESSIVE;
				CLANG_CXX_LANGUAGE_STANDARD = "gnu++20";
				CLANG_ENABLE_MODULES = YES;
				CLANG_ENABLE_OBJC_ARC = YES;
				CLANG_ENABLE_OBJC_WEAK = YES;
				CLANG_WARN_BLOCK_CAPTURE_AUTORELEASING = YES;
				CLANG_WARN_BOOL_CONVERSION = YES;
				CLANG_WARN_COMMA = YES;
				CLANG_WARN_CONSTANT_CONVERSION = YES;
				CLANG_WARN_DEPRECATED_OBJC_IMPLEMENTATIONS = YES;
				CLANG_WARN_DIRECT_OBJC_ISA_USAGE = YES_ERROR;
				CLANG_WARN_DOCUMENTATION_COMMENTS = YES;
				CLANG_WARN_EMPTY_BODY = YES;
				CLANG_WARN_ENUM_CONVERSION = YES;
				CLANG_WARN_INFINITE_RECURSION = YES;
				CLANG_WARN_INT_CONVERSION = YES;
				CLANG_WARN_NON_LITERAL_NULL_CONVERSION = YES;
				CLANG_WARN_OBJC_IMPLICIT_RETAIN_SELF = YES;
				CLANG_WARN_OBJC_LITERAL_CONVERSION = YES;
				CLANG_WARN_OBJC_ROOT_CLASS = YES_ERROR;
				CLANG_WARN_QUOTED_INCLUDE_IN_FRAMEWORK_HEADER = YES;
				CLANG_WARN_RANGE_LOOP_ANALYSIS = YES;
				CLANG_WARN_STRICT_PROTOTYPES = YES;
				CLANG_WARN_SUSPICIOUS_MOVE = YES;
				CLANG_WARN_UNGUARDED_AVAILABILITY = YES_AGGRESSIVE;
				CLANG_WARN_UNREACHABLE_CODE = YES;
				CLANG_WARN__DUPLICATE_METHOD_MATCH = YES;
				COPY_PHASE_STRIP = NO;
				DEBUG_INFORMATION_FORMAT = "dwarf-with-dsym";
				ENABLE_NS_ASSERTIONS = NO;
				ENABLE_STRICT_OBJC_MSGSEND = YES;
				GCC_C_LANGUAGE_STANDARD = gnu11;
				GCC_NO_COMMON_BLOCKS = YES;
				GCC_WARN_64_TO_32_BIT_CONVERSION = YES;
				GCC_WARN_ABOUT_RETURN_TYPE = YES_ERROR;
				GCC_WARN_UNDECLARED_SELECTOR = YES;
				GCC_WARN_UNINITIALIZED_AUTOS = YES_AGGRESSIVE;
				GCC_WARN_UNUSED_FUNCTION = YES;
				GCC_WARN_UNUSED_VARIABLE = YES;
				IPHONEOS_DEPLOYMENT_TARGET = 16.2;
				MTL_ENABLE_DEBUG_INFO = NO;
				MTL_FAST_MATH = YES;
				SDKROOT = iphoneos;
				SWIFT_COMPILATION_MODE = wholemodule;
				SWIFT_OPTIMIZATION_LEVEL = "-O";
				VALIDATE_PRODUCT = YES;
			};
			name = Release;
		};
		D9C2FDB729AB7BCE0086A002 /* Debug */ = {
			isa = XCBuildConfiguration;
			buildSettings = {
				ASSETCATALOG_COMPILER_APPICON_NAME = AppIcon;
				ASSETCATALOG_COMPILER_GLOBAL_ACCENT_COLOR_NAME = AccentColor;
				CODE_SIGN_STYLE = Automatic;
				CURRENT_PROJECT_VERSION = 1;
				GENERATE_INFOPLIST_FILE = YES;
				INFOPLIST_FILE = Bankey/Info.plist;
				INFOPLIST_KEY_UIApplicationSupportsIndirectInputEvents = YES;
				INFOPLIST_KEY_UILaunchStoryboardName = LaunchScreen;
				INFOPLIST_KEY_UISupportedInterfaceOrientations_iPad = "UIInterfaceOrientationPortrait UIInterfaceOrientationPortraitUpsideDown UIInterfaceOrientationLandscapeLeft UIInterfaceOrientationLandscapeRight";
				INFOPLIST_KEY_UISupportedInterfaceOrientations_iPhone = "UIInterfaceOrientationPortrait UIInterfaceOrientationLandscapeLeft UIInterfaceOrientationLandscapeRight";
				LD_RUNPATH_SEARCH_PATHS = (
					"$(inherited)",
					"@executable_path/Frameworks",
				);
				MARKETING_VERSION = 1.0;
				PRODUCT_BUNDLE_IDENTIFIER = com.app.Bankey;
				PRODUCT_NAME = "$(TARGET_NAME)";
				SWIFT_EMIT_LOC_STRINGS = YES;
				SWIFT_VERSION = 5.0;
				TARGETED_DEVICE_FAMILY = "1,2";
			};
			name = Debug;
		};
		D9C2FDB829AB7BCE0086A002 /* Release */ = {
			isa = XCBuildConfiguration;
			buildSettings = {
				ASSETCATALOG_COMPILER_APPICON_NAME = AppIcon;
				ASSETCATALOG_COMPILER_GLOBAL_ACCENT_COLOR_NAME = AccentColor;
				CODE_SIGN_STYLE = Automatic;
				CURRENT_PROJECT_VERSION = 1;
				GENERATE_INFOPLIST_FILE = YES;
				INFOPLIST_FILE = Bankey/Info.plist;
				INFOPLIST_KEY_UIApplicationSupportsIndirectInputEvents = YES;
				INFOPLIST_KEY_UILaunchStoryboardName = LaunchScreen;
				INFOPLIST_KEY_UISupportedInterfaceOrientations_iPad = "UIInterfaceOrientationPortrait UIInterfaceOrientationPortraitUpsideDown UIInterfaceOrientationLandscapeLeft UIInterfaceOrientationLandscapeRight";
				INFOPLIST_KEY_UISupportedInterfaceOrientations_iPhone = "UIInterfaceOrientationPortrait UIInterfaceOrientationLandscapeLeft UIInterfaceOrientationLandscapeRight";
				LD_RUNPATH_SEARCH_PATHS = (
					"$(inherited)",
					"@executable_path/Frameworks",
				);
				MARKETING_VERSION = 1.0;
				PRODUCT_BUNDLE_IDENTIFIER = com.app.Bankey;
				PRODUCT_NAME = "$(TARGET_NAME)";
				SWIFT_EMIT_LOC_STRINGS = YES;
				SWIFT_VERSION = 5.0;
				TARGETED_DEVICE_FAMILY = "1,2";
			};
			name = Release;
		};
/* End XCBuildConfiguration section */

/* Begin XCConfigurationList section */
		D9184B7A29B7586B000C3BC3 /* Build configuration list for PBXNativeTarget "BankeyUnitTests" */ = {
			isa = XCConfigurationList;
			buildConfigurations = (
				D9184B7B29B7586B000C3BC3 /* Debug */,
				D9184B7C29B7586B000C3BC3 /* Release */,
			);
			defaultConfigurationIsVisible = 0;
			defaultConfigurationName = Release;
		};
		D9C2FD9D29AB7BCE0086A002 /* Build configuration list for PBXProject "Bankey" */ = {
			isa = XCConfigurationList;
			buildConfigurations = (
				D9C2FDB429AB7BCE0086A002 /* Debug */,
				D9C2FDB529AB7BCE0086A002 /* Release */,
			);
			defaultConfigurationIsVisible = 0;
			defaultConfigurationName = Release;
		};
		D9C2FDB629AB7BCE0086A002 /* Build configuration list for PBXNativeTarget "Bankey" */ = {
			isa = XCConfigurationList;
			buildConfigurations = (
				D9C2FDB729AB7BCE0086A002 /* Debug */,
				D9C2FDB829AB7BCE0086A002 /* Release */,
			);
			defaultConfigurationIsVisible = 0;
			defaultConfigurationName = Release;
		};
/* End XCConfigurationList section */
	};
	rootObject = D9C2FD9A29AB7BCE0086A002 /* Project object */;
}
